github.com/go-chi/chi/v5 v5.2.3 h1:WQIt9uxdsAbgIYgid+BpYc+liqQZGMHRaUwp0JUcvdE=
github.com/go-chi/chi/v5 v5.2.3/go.mod h1:L2yAIGWB3H+phAw1NxKwWM+7eUH/lU8pOMm5hHcoops=
github.com/neo4j/neo4j-go-driver/v5 v5.28.4 h1:7toxehVcYkZbyxV4W3Ib9VcnyRBQPucF+VwNNmtSXi4=
github.com/neo4j/neo4j-go-driver/v5 v5.28.4/go.mod h1:Vff8OwT7QpLm7L2yYr85XNWe9Rbqlbeb9asNXJTHO4k=
